
Microsoft Visual Studio Solution File, Format Version 12.00
# Visual Studio 2017
Project("{FAE04EC0-301F-11D3-BF4B-00C04F79EFBC}") = "smilegate_gamejam", "smilegate_gamejam.csproj", "{5979BB63-777B-E004-6CB2-9B54F2B98918}"
EndProject
Project("{FAE04EC0-301F-11D3-BF4B-00C04F79EFBC}") = "smilegate_gamejam.Plugins", "smilegate_gamejam.Plugins.csproj", "{50123E28-01AD-D2C2-7E40-6D2D564326E7}"
EndProject
Project("{FAE04EC0-301F-11D3-BF4B-00C04F79EFBC}") = "smilegate_gamejam.Editor.Plugins", "smilegate_gamejam.Editor.Plugins.csproj", "{9CFB4A8E-1AF3-0086-8908-429C0DA50DF3}"
EndProject
Global
	GlobalSection(SolutionConfigurationPlatforms) = preSolution
		Debug|Any CPU = Debug|Any CPU
		Release|Any CPU = Release|Any CPU
	EndGlobalSection
	GlobalSection(ProjectConfigurationPlatforms) = postSolution
		{5979BB63-777B-E004-6CB2-9B54F2B98918}.Debug|Any CPU.ActiveCfg = Debug|Any CPU
		{5979BB63-777B-E004-6CB2-9B54F2B98918}.Debug|Any CPU.Build.0 = Debug|Any CPU
		{5979BB63-777B-E004-6CB2-9B54F2B98918}.Release|Any CPU.ActiveCfg = Release|Any CPU
		{5979BB63-777B-E004-6CB2-9B54F2B98918}.Release|Any CPU.Build.0 = Release|Any CPU
		{50123E28-01AD-D2C2-7E40-6D2D564326E7}.Debug|Any CPU.ActiveCfg = Debug|Any CPU
		{50123E28-01AD-D2C2-7E40-6D2D564326E7}.Debug|Any CPU.Build.0 = Debug|Any CPU
		{50123E28-01AD-D2C2-7E40-6D2D564326E7}.Release|Any CPU.ActiveCfg = Release|Any CPU
		{50123E28-01AD-D2C2-7E40-6D2D564326E7}.Release|Any CPU.Build.0 = Release|Any CPU
		{9CFB4A8E-1AF3-0086-8908-429C0DA50DF3}.Debug|Any CPU.ActiveCfg = Debug|Any CPU
		{9CFB4A8E-1AF3-0086-8908-429C0DA50DF3}.Debug|Any CPU.Build.0 = Debug|Any CPU
		{9CFB4A8E-1AF3-0086-8908-429C0DA50DF3}.Release|Any CPU.ActiveCfg = Release|Any CPU
		{9CFB4A8E-1AF3-0086-8908-429C0DA50DF3}.Release|Any CPU.Build.0 = Release|Any CPU
	EndGlobalSection
	GlobalSection(SolutionProperties) = preSolution
		HideSolutionNode = FALSE
	EndGlobalSection
EndGlobal
